
Microsoft Visual Studio Solution File, Format Version 12.00
# Visual Studio Version 17
VisualStudioVersion = 17.5.33502.453
MinimumVisualStudioVersion = 10.0.40219.1
Project("{FAE04EC0-301F-11D3-BF4B-00C04F79EFBC}") = "CurrencyConverter_Static", "CurrencyConverter_Static\CurrencyConverter_Static.csproj", "{38C21FD3-D987-4A80-AEA2-136B9ADA4086}"
EndProject
Global
	GlobalSection(SolutionConfigurationPlatforms) = preSolution
		Debug|Any CPU = Debug|Any CPU
		Release|Any CPU = Release|Any CPU
	EndGlobalSection
	GlobalSection(ProjectConfigurationPlatforms) = postSolution
		{38C21FD3-D987-4A80-AEA2-136B9ADA4086}.Debug|Any CPU.ActiveCfg = Debug|Any CPU
		{38C21FD3-D987-4A80-AEA2-136B9ADA4086}.Debug|Any CPU.Build.0 = Debug|Any CPU
		{38C21FD3-D987-4A80-AEA2-136B9ADA4086}.Release|Any CPU.ActiveCfg = Release|Any CPU
		{38C21FD3-D987-4A80-AEA2-136B9ADA4086}.Release|Any CPU.Build.0 = Release|Any CPU
	EndGlobalSection
	GlobalSection(SolutionProperties) = preSolution
		HideSolutionNode = FALSE
	EndGlobalSection
	GlobalSection(ExtensibilityGlobals) = postSolution
		SolutionGuid = {100977BD-D7C5-48E5-931B-74E921F5F0E6}
	EndGlobalSection
EndGlobal
